{
  "name": "megamoji",
  "version": "1.0.0",
  "lockfileVersion": 1,
  "requires": true,
  "dependencies": {
    "emojilib": {
      "version": "2.2.9",
      "resolved": "https://registry.npmjs.org/emojilib/-/emojilib-2.2.9.tgz",
      "integrity": "sha512-RbYMz3G8OFBZYsqHQp8kiM/Hsg/0bSRWG1iRPqvQ04s4RUQH+iBLFjybSM6fv2rV/vQrywOEL5m31BjnfyDUlw=="
    }
  }
}
